// !$*UTF8*$!
{
	archiveVersion = 1;
	classes = {
	};
	objectVersion = 55;
	objects = {

/* Begin PBXBuildFile section */
		00DFA0A15CB4B2B7E68EEF2E /* Pods_projeto.framework in Frameworks */ = {isa = PBXBuildFile; fileRef = 399A971B696966B5AE8D9505 /* Pods_projeto.framework */; };
		9A163C38287469C500BA2822 /* AppDelegate.swift in Sources */ = {isa = PBXBuildFile; fileRef = 9A163C37287469C500BA2822 /* AppDelegate.swift */; };
		9A163C3A287469C500BA2822 /* SceneDelegate.swift in Sources */ = {isa = PBXBuildFile; fileRef = 9A163C39287469C500BA2822 /* SceneDelegate.swift */; };
		9A163C41287469C600BA2822 /* Assets.xcassets in Resources */ = {isa = PBXBuildFile; fileRef = 9A163C40287469C600BA2822 /* Assets.xcassets */; };
		9A163C44287469C600BA2822 /* LaunchScreen.storyboard in Resources */ = {isa = PBXBuildFile; fileRef = 9A163C42287469C600BA2822 /* LaunchScreen.storyboard */; };
		9A163C4F287469C600BA2822 /* projetoTests.swift in Sources */ = {isa = PBXBuildFile; fileRef = 9A163C4E287469C600BA2822 /* projetoTests.swift */; };
		9A163C59287469C600BA2822 /* projetoUITests.swift in Sources */ = {isa = PBXBuildFile; fileRef = 9A163C58287469C600BA2822 /* projetoUITests.swift */; };
		9A163C5B287469C600BA2822 /* projetoUITestsLaunchTests.swift in Sources */ = {isa = PBXBuildFile; fileRef = 9A163C5A287469C600BA2822 /* projetoUITestsLaunchTests.swift */; };
		9A163C6B28746C4100BA2822 /* TabBarController.swift in Sources */ = {isa = PBXBuildFile; fileRef = 9A163C6A28746C4100BA2822 /* TabBarController.swift */; };
		9A163C6E28746C5200BA2822 /* ButtonModel.swift in Sources */ = {isa = PBXBuildFile; fileRef = 9A163C6C28746C5200BA2822 /* ButtonModel.swift */; };
		9A163C6F28746C5200BA2822 /* DataModel.swift in Sources */ = {isa = PBXBuildFile; fileRef = 9A163C6D28746C5200BA2822 /* DataModel.swift */; };
		9A163C7A28746C6000BA2822 /* AccountView.swift in Sources */ = {isa = PBXBuildFile; fileRef = 9A163C7028746C6000BA2822 /* AccountView.swift */; };
		9A163C7B28746C6000BA2822 /* ButtonView.swift in Sources */ = {isa = PBXBuildFile; fileRef = 9A163C7128746C6000BA2822 /* ButtonView.swift */; };
		9A163C7C28746C6000BA2822 /* CadView.swift in Sources */ = {isa = PBXBuildFile; fileRef = 9A163C7228746C6000BA2822 /* CadView.swift */; };
		9A163C7D28746C6000BA2822 /* DataView.swift in Sources */ = {isa = PBXBuildFile; fileRef = 9A163C7328746C6000BA2822 /* DataView.swift */; };
		9A163C7E28746C6000BA2822 /* LoginView.swift in Sources */ = {isa = PBXBuildFile; fileRef = 9A163C7428746C6000BA2822 /* LoginView.swift */; };
		9A163C7F28746C6000BA2822 /* CardView.swift in Sources */ = {isa = PBXBuildFile; fileRef = 9A163C7628746C6000BA2822 /* CardView.swift */; };
		9A163C8028746C6000BA2822 /* PixView.swift in Sources */ = {isa = PBXBuildFile; fileRef = 9A163C7728746C6000BA2822 /* PixView.swift */; };
		9A163C8128746C6000BA2822 /* HomeView.swift in Sources */ = {isa = PBXBuildFile; fileRef = 9A163C7828746C6000BA2822 /* HomeView.swift */; };
		9A163C8228746C6000BA2822 /* ManagementView.swift in Sources */ = {isa = PBXBuildFile; fileRef = 9A163C7928746C6000BA2822 /* ManagementView.swift */; };
		9A163C8928746E9400BA2822 /* AvenirLTStd-Black.otf in Resources */ = {isa = PBXBuildFile; fileRef = 9A163C8528746E9400BA2822 /* AvenirLTStd-Black.otf */; };
		9A163C8A28746E9400BA2822 /* AvenirLTStd-Book.otf in Resources */ = {isa = PBXBuildFile; fileRef = 9A163C8628746E9400BA2822 /* AvenirLTStd-Book.otf */; };
		9A163C8B28746E9400BA2822 /* AvenirLTStd-Roman.otf in Resources */ = {isa = PBXBuildFile; fileRef = 9A163C8728746E9400BA2822 /* AvenirLTStd-Roman.otf */; };
		9A163C8C28746E9400BA2822 /* Avenir.ttc in Resources */ = {isa = PBXBuildFile; fileRef = 9A163C8828746E9400BA2822 /* Avenir.ttc */; };
/* End PBXBuildFile section */

/* Begin PBXContainerItemProxy section */
		9A163C4B287469C600BA2822 /* PBXContainerItemProxy */ = {
			isa = PBXContainerItemProxy;
			containerPortal = 9A163C2C287469C500BA2822 /* Project object */;
			proxyType = 1;
			remoteGlobalIDString = 9A163C33287469C500BA2822;
			remoteInfo = projeto;
		};
		9A163C55287469C600BA2822 /* PBXContainerItemProxy */ = {
			isa = PBXContainerItemProxy;
			containerPortal = 9A163C2C287469C500BA2822 /* Project object */;
			proxyType = 1;
			remoteGlobalIDString = 9A163C33287469C500BA2822;
			remoteInfo = projeto;
		};
/* End PBXContainerItemProxy section */

/* Begin PBXFileReference section */
		399A971B696966B5AE8D9505 /* Pods_projeto.framework */ = {isa = PBXFileReference; explicitFileType = wrapper.framework; includeInIndex = 0; path = Pods_projeto.framework; sourceTree = BUILT_PRODUCTS_DIR; };
		9A163C34287469C500BA2822 /* projeto.app */ = {isa = PBXFileReference; explicitFileType = wrapper.application; includeInIndex = 0; path = projeto.app; sourceTree = BUILT_PRODUCTS_DIR; };
		9A163C37287469C500BA2822 /* AppDelegate.swift */ = {isa = PBXFileReference; lastKnownFileType = sourcecode.swift; path = AppDelegate.swift; sourceTree = "<group>"; };
		9A163C39287469C500BA2822 /* SceneDelegate.swift */ = {isa = PBXFileReference; lastKnownFileType = sourcecode.swift; path = SceneDelegate.swift; sourceTree = "<group>"; };
		9A163C40287469C600BA2822 /* Assets.xcassets */ = {isa = PBXFileReference; lastKnownFileType = folder.assetcatalog; path = Assets.xcassets; sourceTree = "<group>"; };
		9A163C43287469C600BA2822 /* Base */ = {isa = PBXFileReference; lastKnownFileType = file.storyboard; name = Base; path = Base.lproj/LaunchScreen.storyboard; sourceTree = "<group>"; };
		9A163C45287469C600BA2822 /* Info.plist */ = {isa = PBXFileReference; lastKnownFileType = text.plist.xml; path = Info.plist; sourceTree = "<group>"; };
		9A163C4A287469C600BA2822 /* projetoTests.xctest */ = {isa = PBXFileReference; explicitFileType = wrapper.cfbundle; includeInIndex = 0; path = projetoTests.xctest; sourceTree = BUILT_PRODUCTS_DIR; };
		9A163C4E287469C600BA2822 /* projetoTests.swift */ = {isa = PBXFileReference; lastKnownFileType = sourcecode.swift; path = projetoTests.swift; sourceTree = "<group>"; };
		9A163C54287469C600BA2822 /* projetoUITests.xctest */ = {isa = PBXFileReference; explicitFileType = wrapper.cfbundle; includeInIndex = 0; path = projetoUITests.xctest; sourceTree = BUILT_PRODUCTS_DIR; };
		9A163C58287469C600BA2822 /* projetoUITests.swift */ = {isa = PBXFileReference; lastKnownFileType = sourcecode.swift; path = projetoUITests.swift; sourceTree = "<group>"; };
		9A163C5A287469C600BA2822 /* projetoUITestsLaunchTests.swift */ = {isa = PBXFileReference; lastKnownFileType = sourcecode.swift; path = projetoUITestsLaunchTests.swift; sourceTree = "<group>"; };
		9A163C6A28746C4100BA2822 /* TabBarController.swift */ = {isa = PBXFileReference; fileEncoding = 4; lastKnownFileType = sourcecode.swift; path = TabBarController.swift; sourceTree = "<group>"; };
		9A163C6C28746C5200BA2822 /* ButtonModel.swift */ = {isa = PBXFileReference; fileEncoding = 4; lastKnownFileType = sourcecode.swift; path = ButtonModel.swift; sourceTree = "<group>"; };
		9A163C6D28746C5200BA2822 /* DataModel.swift */ = {isa = PBXFileReference; fileEncoding = 4; lastKnownFileType = sourcecode.swift; path = DataModel.swift; sourceTree = "<group>"; };
		9A163C7028746C6000BA2822 /* AccountView.swift */ = {isa = PBXFileReference; fileEncoding = 4; lastKnownFileType = sourcecode.swift; path = AccountView.swift; sourceTree = "<group>"; };
		9A163C7128746C6000BA2822 /* ButtonView.swift */ = {isa = PBXFileReference; fileEncoding = 4; lastKnownFileType = sourcecode.swift; path = ButtonView.swift; sourceTree = "<group>"; };
		9A163C7228746C6000BA2822 /* CadView.swift */ = {isa = PBXFileReference; fileEncoding = 4; lastKnownFileType = sourcecode.swift; path = CadView.swift; sourceTree = "<group>"; };
		9A163C7328746C6000BA2822 /* DataView.swift */ = {isa = PBXFileReference; fileEncoding = 4; lastKnownFileType = sourcecode.swift; path = DataView.swift; sourceTree = "<group>"; };
		9A163C7428746C6000BA2822 /* LoginView.swift */ = {isa = PBXFileReference; fileEncoding = 4; lastKnownFileType = sourcecode.swift; path = LoginView.swift; sourceTree = "<group>"; };
		9A163C7628746C6000BA2822 /* CardView.swift */ = {isa = PBXFileReference; fileEncoding = 4; lastKnownFileType = sourcecode.swift; path = CardView.swift; sourceTree = "<group>"; };
		9A163C7728746C6000BA2822 /* PixView.swift */ = {isa = PBXFileReference; fileEncoding = 4; lastKnownFileType = sourcecode.swift; path = PixView.swift; sourceTree = "<group>"; };
		9A163C7828746C6000BA2822 /* HomeView.swift */ = {isa = PBXFileReference; fileEncoding = 4; lastKnownFileType = sourcecode.swift; path = HomeView.swift; sourceTree = "<group>"; };
		9A163C7928746C6000BA2822 /* ManagementView.swift */ = {isa = PBXFileReference; fileEncoding = 4; lastKnownFileType = sourcecode.swift; path = ManagementView.swift; sourceTree = "<group>"; };
		9A163C8528746E9400BA2822 /* AvenirLTStd-Black.otf */ = {isa = PBXFileReference; lastKnownFileType = file; path = "AvenirLTStd-Black.otf"; sourceTree = "<group>"; };
		9A163C8628746E9400BA2822 /* AvenirLTStd-Book.otf */ = {isa = PBXFileReference; lastKnownFileType = file; path = "AvenirLTStd-Book.otf"; sourceTree = "<group>"; };
		9A163C8728746E9400BA2822 /* AvenirLTStd-Roman.otf */ = {isa = PBXFileReference; lastKnownFileType = file; path = "AvenirLTStd-Roman.otf"; sourceTree = "<group>"; };
		9A163C8828746E9400BA2822 /* Avenir.ttc */ = {isa = PBXFileReference; lastKnownFileType = file; path = Avenir.ttc; sourceTree = "<group>"; };
		CDB6E7DB37806579C2D031F5 /* Pods-projeto.release.xcconfig */ = {isa = PBXFileReference; includeInIndex = 1; lastKnownFileType = text.xcconfig; name = "Pods-projeto.release.xcconfig"; path = "Target Support Files/Pods-projeto/Pods-projeto.release.xcconfig"; sourceTree = "<group>"; };
		E67C994E0C0FD4445128589D /* Pods-projeto.debug.xcconfig */ = {isa = PBXFileReference; includeInIndex = 1; lastKnownFileType = text.xcconfig; name = "Pods-projeto.debug.xcconfig"; path = "Target Support Files/Pods-projeto/Pods-projeto.debug.xcconfig"; sourceTree = "<group>"; };
/* End PBXFileReference section */

/* Begin PBXFrameworksBuildPhase section */
		9A163C31287469C500BA2822 /* Frameworks */ = {
			isa = PBXFrameworksBuildPhase;
			buildActionMask = 2147483647;
			files = (
				00DFA0A15CB4B2B7E68EEF2E /* Pods_projeto.framework in Frameworks */,
			);
			runOnlyForDeploymentPostprocessing = 0;
		};
		9A163C47287469C600BA2822 /* Frameworks */ = {
			isa = PBXFrameworksBuildPhase;
			buildActionMask = 2147483647;
			files = (
			);
			runOnlyForDeploymentPostprocessing = 0;
		};
		9A163C51287469C600BA2822 /* Frameworks */ = {
			isa = PBXFrameworksBuildPhase;
			buildActionMask = 2147483647;
			files = (
			);
			runOnlyForDeploymentPostprocessing = 0;
		};
/* End PBXFrameworksBuildPhase section */

/* Begin PBXGroup section */
		0E4C61F93A1EEDB2AB996CA4 /* Pods */ = {
			isa = PBXGroup;
			children = (
				E67C994E0C0FD4445128589D /* Pods-projeto.debug.xcconfig */,
				CDB6E7DB37806579C2D031F5 /* Pods-projeto.release.xcconfig */,
			);
			path = Pods;
			sourceTree = "<group>";
		};
		9A163C2B287469C500BA2822 = {
			isa = PBXGroup;
			children = (
				9A163C36287469C500BA2822 /* projeto */,
				9A163C4D287469C600BA2822 /* projetoTests */,
				9A163C57287469C600BA2822 /* projetoUITests */,
				9A163C35287469C500BA2822 /* Products */,
				0E4C61F93A1EEDB2AB996CA4 /* Pods */,
				B2138C5253FA43B1681EDB13 /* Frameworks */,
			);
			sourceTree = "<group>";
		};
		9A163C35287469C500BA2822 /* Products */ = {
			isa = PBXGroup;
			children = (
				9A163C34287469C500BA2822 /* projeto.app */,
				9A163C4A287469C600BA2822 /* projetoTests.xctest */,
				9A163C54287469C600BA2822 /* projetoUITests.xctest */,
			);
			name = Products;
			sourceTree = "<group>";
		};
		9A163C36287469C500BA2822 /* projeto */ = {
			isa = PBXGroup;
			children = (
				9A163C8328746E9400BA2822 /* Font */,
				9A163C37287469C500BA2822 /* AppDelegate.swift */,
				9A163C39287469C500BA2822 /* SceneDelegate.swift */,
				9A163C6928746C2C00BA2822 /* Controller */,
				9A163C6828746C2600BA2822 /* View */,
				9A163C6728746C1D00BA2822 /* Model */,
				9A163C40287469C600BA2822 /* Assets.xcassets */,
				9A163C42287469C600BA2822 /* LaunchScreen.storyboard */,
				9A163C45287469C600BA2822 /* Info.plist */,
			);
			path = projeto;
			sourceTree = "<group>";
		};
		9A163C4D287469C600BA2822 /* projetoTests */ = {
			isa = PBXGroup;
			children = (
				9A163C4E287469C600BA2822 /* projetoTests.swift */,
			);
			path = projetoTests;
			sourceTree = "<group>";
		};
		9A163C57287469C600BA2822 /* projetoUITests */ = {
			isa = PBXGroup;
			children = (
				9A163C58287469C600BA2822 /* projetoUITests.swift */,
				9A163C5A287469C600BA2822 /* projetoUITestsLaunchTests.swift */,
			);
			path = projetoUITests;
			sourceTree = "<group>";
		};
		9A163C6728746C1D00BA2822 /* Model */ = {
			isa = PBXGroup;
			children = (
				9A163C6C28746C5200BA2822 /* ButtonModel.swift */,
				9A163C6D28746C5200BA2822 /* DataModel.swift */,
			);
			path = Model;
			sourceTree = "<group>";
		};
		9A163C6828746C2600BA2822 /* View */ = {
			isa = PBXGroup;
			children = (
				9A163C7528746C6000BA2822 /* PlaceHolderView */,
				9A163C7028746C6000BA2822 /* AccountView.swift */,
				9A163C7128746C6000BA2822 /* ButtonView.swift */,
				9A163C7228746C6000BA2822 /* CadView.swift */,
				9A163C7328746C6000BA2822 /* DataView.swift */,
				9A163C7428746C6000BA2822 /* LoginView.swift */,
			);
			path = View;
			sourceTree = "<group>";
		};
		9A163C6928746C2C00BA2822 /* Controller */ = {
			isa = PBXGroup;
			children = (
				9A163C6A28746C4100BA2822 /* TabBarController.swift */,
			);
			path = Controller;
			sourceTree = "<group>";
		};
		9A163C7528746C6000BA2822 /* PlaceHolderView */ = {
			isa = PBXGroup;
			children = (
				9A163C7628746C6000BA2822 /* CardView.swift */,
				9A163C7728746C6000BA2822 /* PixView.swift */,
				9A163C7828746C6000BA2822 /* HomeView.swift */,
				9A163C7928746C6000BA2822 /* ManagementView.swift */,
			);
			path = PlaceHolderView;
			sourceTree = "<group>";
		};
		9A163C8328746E9400BA2822 /* Font */ = {
			isa = PBXGroup;
			children = (
				9A163C8428746E9400BA2822 /* avenir_ff */,
				9A163C8828746E9400BA2822 /* Avenir.ttc */,
			);
			path = Font;
			sourceTree = "<group>";
		};
		9A163C8428746E9400BA2822 /* avenir_ff */ = {
			isa = PBXGroup;
			children = (
				9A163C8528746E9400BA2822 /* AvenirLTStd-Black.otf */,
				9A163C8628746E9400BA2822 /* AvenirLTStd-Book.otf */,
				9A163C8728746E9400BA2822 /* AvenirLTStd-Roman.otf */,
			);
			path = avenir_ff;
			sourceTree = "<group>";
		};
		B2138C5253FA43B1681EDB13 /* Frameworks */ = {
			isa = PBXGroup;
			children = (
				399A971B696966B5AE8D9505 /* Pods_projeto.framework */,
			);
			name = Frameworks;
			sourceTree = "<group>";
		};
/* End PBXGroup section */

/* Begin PBXNativeTarget section */
		9A163C33287469C500BA2822 /* projeto */ = {
			isa = PBXNativeTarget;
			buildConfigurationList = 9A163C5E287469C600BA2822 /* Build configuration list for PBXNativeTarget "projeto" */;
			buildPhases = (
				627ECB60A16CB88ECE342330 /* [CP] Check Pods Manifest.lock */,
				9A163C30287469C500BA2822 /* Sources */,
				9A163C31287469C500BA2822 /* Frameworks */,
				9A163C32287469C500BA2822 /* Resources */,
				D4AFF0DDB1EB7E42B8CA6B8F /* [CP] Embed Pods Frameworks */,
			);
			buildRules = (
			);
			dependencies = (
			);
			name = projeto;
			productName = projeto;
			productReference = 9A163C34287469C500BA2822 /* projeto.app */;
			productType = "com.apple.product-type.application";
		};
		9A163C49287469C600BA2822 /* projetoTests */ = {
			isa = PBXNativeTarget;
			buildConfigurationList = 9A163C61287469C600BA2822 /* Build configuration list for PBXNativeTarget "projetoTests" */;
			buildPhases = (
				9A163C46287469C600BA2822 /* Sources */,
				9A163C47287469C600BA2822 /* Frameworks */,
				9A163C48287469C600BA2822 /* Resources */,
			);
			buildRules = (
			);
			dependencies = (
				9A163C4C287469C600BA2822 /* PBXTargetDependency */,
			);
			name = projetoTests;
			productName = projetoTests;
			productReference = 9A163C4A287469C600BA2822 /* projetoTests.xctest */;
			productType = "com.apple.product-type.bundle.unit-test";
		};
		9A163C53287469C600BA2822 /* projetoUITests */ = {
			isa = PBXNativeTarget;
			buildConfigurationList = 9A163C64287469C600BA2822 /* Build configuration list for PBXNativeTarget "projetoUITests" */;
			buildPhases = (
				9A163C50287469C600BA2822 /* Sources */,
				9A163C51287469C600BA2822 /* Frameworks */,
				9A163C52287469C600BA2822 /* Resources */,
			);
			buildRules = (
			);
			dependencies = (
				9A163C56287469C600BA2822 /* PBXTargetDependency */,
			);
			name = projetoUITests;
			productName = projetoUITests;
			productReference = 9A163C54287469C600BA2822 /* projetoUITests.xctest */;
			productType = "com.apple.product-type.bundle.ui-testing";
		};
/* End PBXNativeTarget section */

/* Begin PBXProject section */
		9A163C2C287469C500BA2822 /* Project object */ = {
			isa = PBXProject;
			attributes = {
				BuildIndependentTargetsInParallel = 1;
				LastSwiftUpdateCheck = 1340;
				LastUpgradeCheck = 1340;
				TargetAttributes = {
					9A163C33287469C500BA2822 = {
						CreatedOnToolsVersion = 13.4.1;
					};
					9A163C49287469C600BA2822 = {
						CreatedOnToolsVersion = 13.4.1;
						TestTargetID = 9A163C33287469C500BA2822;
					};
					9A163C53287469C600BA2822 = {
						CreatedOnToolsVersion = 13.4.1;
						TestTargetID = 9A163C33287469C500BA2822;
					};
				};
			};
			buildConfigurationList = 9A163C2F287469C500BA2822 /* Build configuration list for PBXProject "projeto" */;
			compatibilityVersion = "Xcode 13.0";
			developmentRegion = en;
			hasScannedForEncodings = 0;
			knownRegions = (
				en,
				Base,
			);
			mainGroup = 9A163C2B287469C500BA2822;
			productRefGroup = 9A163C35287469C500BA2822 /* Products */;
			projectDirPath = "";
			projectRoot = "";
			targets = (
				9A163C33287469C500BA2822 /* projeto */,
				9A163C49287469C600BA2822 /* projetoTests */,
				9A163C53287469C600BA2822 /* projetoUITests */,
			);
		};
/* End PBXProject section */

/* Begin PBXResourcesBuildPhase section */
		9A163C32287469C500BA2822 /* Resources */ = {
			isa = PBXResourcesBuildPhase;
			buildActionMask = 2147483647;
			files = (
				9A163C44287469C600BA2822 /* LaunchScreen.storyboard in Resources */,
				9A163C8928746E9400BA2822 /* AvenirLTStd-Black.otf in Resources */,
				9A163C8C28746E9400BA2822 /* Avenir.ttc in Resources */,
				9A163C41287469C600BA2822 /* Assets.xcassets in Resources */,
				9A163C8B28746E9400BA2822 /* AvenirLTStd-Roman.otf in Resources */,
				9A163C8A28746E9400BA2822 /* AvenirLTStd-Book.otf in Resources */,
			);
			runOnlyForDeploymentPostprocessing = 0;
		};
		9A163C48287469C600BA2822 /* Resources */ = {
			isa = PBXResourcesBuildPhase;
			buildActionMask = 2147483647;
			files = (
			);
			runOnlyForDeploymentPostprocessing = 0;
		};
		9A163C52287469C600BA2822 /* Resources */ = {
			isa = PBXResourcesBuildPhase;
			buildActionMask = 2147483647;
			files = (
			);
			runOnlyForDeploymentPostprocessing = 0;
		};
/* End PBXResourcesBuildPhase section */

/* Begin PBXShellScriptBuildPhase section */
		627ECB60A16CB88ECE342330 /* [CP] Check Pods Manifest.lock */ = {
			isa = PBXShellScriptBuildPhase;
			buildActionMask = 2147483647;
			files = (
			);
			inputFileListPaths = (
			);
			inputPaths = (
				"${PODS_PODFILE_DIR_PATH}/Podfile.lock",
				"${PODS_ROOT}/Manifest.lock",
			);
			name = "[CP] Check Pods Manifest.lock";
			outputFileListPaths = (
			);
			outputPaths = (
				"$(DERIVED_FILE_DIR)/Pods-projeto-checkManifestLockResult.txt",
			);
			runOnlyForDeploymentPostprocessing = 0;
			shellPath = /bin/sh;
			shellScript = "diff \"${PODS_PODFILE_DIR_PATH}/Podfile.lock\" \"${PODS_ROOT}/Manifest.lock\" > /dev/null\nif [ $? != 0 ] ; then\n    # print error to STDERR\n    echo \"error: The sandbox is not in sync with the Podfile.lock. Run 'pod install' or update your CocoaPods installation.\" >&2\n    exit 1\nfi\n# This output is used by Xcode 'outputs' to avoid re-running this script phase.\necho \"SUCCESS\" > \"${SCRIPT_OUTPUT_FILE_0}\"\n";
			showEnvVarsInLog = 0;
		};
		D4AFF0DDB1EB7E42B8CA6B8F /* [CP] Embed Pods Frameworks */ = {
			isa = PBXShellScriptBuildPhase;
			buildActionMask = 2147483647;
			files = (
			);
			inputFileListPaths = (
				"${PODS_ROOT}/Target Support Files/Pods-projeto/Pods-projeto-frameworks-${CONFIGURATION}-input-files.xcfilelist",
			);
			name = "[CP] Embed Pods Frameworks";
			outputFileListPaths = (
				"${PODS_ROOT}/Target Support Files/Pods-projeto/Pods-projeto-frameworks-${CONFIGURATION}-output-files.xcfilelist",
			);
			runOnlyForDeploymentPostprocessing = 0;
			shellPath = /bin/sh;
			shellScript = "\"${PODS_ROOT}/Target Support Files/Pods-projeto/Pods-projeto-frameworks.sh\"\n";
			showEnvVarsInLog = 0;
		};
/* End PBXShellScriptBuildPhase section */

/* Begin PBXSourcesBuildPhase section */
		9A163C30287469C500BA2822 /* Sources */ = {
			isa = PBXSourcesBuildPhase;
			buildActionMask = 2147483647;
			files = (
				9A163C8128746C6000BA2822 /* HomeView.swift in Sources */,
				9A163C6B28746C4100BA2822 /* TabBarController.swift in Sources */,
				9A163C7D28746C6000BA2822 /* DataView.swift in Sources */,
				9A163C7B28746C6000BA2822 /* ButtonView.swift in Sources */,
				9A163C6E28746C5200BA2822 /* ButtonModel.swift in Sources */,
				9A163C38287469C500BA2822 /* AppDelegate.swift in Sources */,
				9A163C7A28746C6000BA2822 /* AccountView.swift in Sources */,
				9A163C3A287469C500BA2822 /* SceneDelegate.swift in Sources */,
				9A163C7E28746C6000BA2822 /* LoginView.swift in Sources */,
				9A163C7C28746C6000BA2822 /* CadView.swift in Sources */,
				9A163C8228746C6000BA2822 /* ManagementView.swift in Sources */,
				9A163C8028746C6000BA2822 /* PixView.swift in Sources */,
				9A163C7F28746C6000BA2822 /* CardView.swift in Sources */,
				9A163C6F28746C5200BA2822 /* DataModel.swift in Sources */,
			);
			runOnlyForDeploymentPostprocessing = 0;
		};
		9A163C46287469C600BA2822 /* Sources */ = {
			isa = PBXSourcesBuildPhase;
			buildActionMask = 2147483647;
			files = (
				9A163C4F287469C600BA2822 /* projetoTests.swift in Sources */,
			);
			runOnlyForDeploymentPostprocessing = 0;
		};
		9A163C50287469C600BA2822 /* Sources */ = {
			isa = PBXSourcesBuildPhase;
			buildActionMask = 2147483647;
			files = (
				9A163C5B287469C600BA2822 /* projetoUITestsLaunchTests.swift in Sources */,
				9A163C59287469C600BA2822 /* projetoUITests.swift in Sources */,
			);
			runOnlyForDeploymentPostprocessing = 0;
		};
/* End PBXSourcesBuildPhase section */

/* Begin PBXTargetDependency section */
		9A163C4C287469C600BA2822 /* PBXTargetDependency */ = {
			isa = PBXTargetDependency;
			target = 9A163C33287469C500BA2822 /* projeto */;
			targetProxy = 9A163C4B287469C600BA2822 /* PBXContainerItemProxy */;
		};
		9A163C56287469C600BA2822 /* PBXTargetDependency */ = {
			isa = PBXTargetDependency;
			target = 9A163C33287469C500BA2822 /* projeto */;
			targetProxy = 9A163C55287469C600BA2822 /* PBXContainerItemProxy */;
		};
/* End PBXTargetDependency section */

/* Begin PBXVariantGroup section */
		9A163C42287469C600BA2822 /* LaunchScreen.storyboard */ = {
			isa = PBXVariantGroup;
			children = (
				9A163C43287469C600BA2822 /* Base */,
			);
			name = LaunchScreen.storyboard;
			sourceTree = "<group>";
		};
/* End PBXVariantGroup section */

/* Begin XCBuildConfiguration section */
		9A163C5C287469C600BA2822 /* Debug */ = {
			isa = XCBuildConfiguration;
			buildSettings = {
				ALWAYS_SEARCH_USER_PATHS = NO;
				CLANG_ANALYZER_NONNULL = YES;
				CLANG_ANALYZER_NUMBER_OBJECT_CONVERSION = YES_AGGRESSIVE;
				CLANG_CXX_LANGUAGE_STANDARD = "gnu++17";
				CLANG_ENABLE_MODULES = YES;
				CLANG_ENABLE_OBJC_ARC = YES;
				CLANG_ENABLE_OBJC_WEAK = YES;
				CLANG_WARN_BLOCK_CAPTURE_AUTORELEASING = YES;
				CLANG_WARN_BOOL_CONVERSION = YES;
				CLANG_WARN_COMMA = YES;
				CLANG_WARN_CONSTANT_CONVERSION = YES;
				CLANG_WARN_DEPRECATED_OBJC_IMPLEMENTATIONS = YES;
				CLANG_WARN_DIRECT_OBJC_ISA_USAGE = YES_ERROR;
				CLANG_WARN_DOCUMENTATION_COMMENTS = YES;
				CLANG_WARN_EMPTY_BODY = YES;
				CLANG_WARN_ENUM_CONVERSION = YES;
				CLANG_WARN_INFINITE_RECURSION = YES;
				CLANG_WARN_INT_CONVERSION = YES;
				CLANG_WARN_NON_LITERAL_NULL_CONVERSION = YES;
				CLANG_WARN_OBJC_IMPLICIT_RETAIN_SELF = YES;
				CLANG_WARN_OBJC_LITERAL_CONVERSION = YES;
				CLANG_WARN_OBJC_ROOT_CLASS = YES_ERROR;
				CLANG_WARN_QUOTED_INCLUDE_IN_FRAMEWORK_HEADER = YES;
				CLANG_WARN_RANGE_LOOP_ANALYSIS = YES;
				CLANG_WARN_STRICT_PROTOTYPES = YES;
				CLANG_WARN_SUSPICIOUS_MOVE = YES;
				CLANG_WARN_UNGUARDED_AVAILABILITY = YES_AGGRESSIVE;
				CLANG_WARN_UNREACHABLE_CODE = YES;
				CLANG_WARN__DUPLICATE_METHOD_MATCH = YES;
				COPY_PHASE_STRIP = NO;
				DEBUG_INFORMATION_FORMAT = dwarf;
				ENABLE_STRICT_OBJC_MSGSEND = YES;
				ENABLE_TESTABILITY = YES;
				GCC_C_LANGUAGE_STANDARD = gnu11;
				GCC_DYNAMIC_NO_PIC = NO;
				GCC_NO_COMMON_BLOCKS = YES;
				GCC_OPTIMIZATION_LEVEL = 0;
				GCC_PREPROCESSOR_DEFINITIONS = (
					"DEBUG=1",
					"$(inherited)",
				);
				GCC_WARN_64_TO_32_BIT_CONVERSION = YES;
				GCC_WARN_ABOUT_RETURN_TYPE = YES_ERROR;
				GCC_WARN_UNDECLARED_SELECTOR = YES;
				GCC_WARN_UNINITIALIZED_AUTOS = YES_AGGRESSIVE;
				GCC_WARN_UNUSED_FUNCTION = YES;
				GCC_WARN_UNUSED_VARIABLE = YES;
				IPHONEOS_DEPLOYMENT_TARGET = 15.5;
				MTL_ENABLE_DEBUG_INFO = INCLUDE_SOURCE;
				MTL_FAST_MATH = YES;
				ONLY_ACTIVE_ARCH = YES;
				SDKROOT = iphoneos;
				SWIFT_ACTIVE_COMPILATION_CONDITIONS = DEBUG;
				SWIFT_OPTIMIZATION_LEVEL = "-Onone";
			};
			name = Debug;
		};
		9A163C5D287469C600BA2822 /* Release */ = {
			isa = XCBuildConfiguration;
			buildSettings = {
				ALWAYS_SEARCH_USER_PATHS = NO;
				CLANG_ANALYZER_NONNULL = YES;
				CLANG_ANALYZER_NUMBER_OBJECT_CONVERSION = YES_AGGRESSIVE;
				CLANG_CXX_LANGUAGE_STANDARD = "gnu++17";
				CLANG_ENABLE_MODULES = YES;
				CLANG_ENABLE_OBJC_ARC = YES;
				CLANG_ENABLE_OBJC_WEAK = YES;
				CLANG_WARN_BLOCK_CAPTURE_AUTORELEASING = YES;
				CLANG_WARN_BOOL_CONVERSION = YES;
				CLANG_WARN_COMMA = YES;
				CLANG_WARN_CONSTANT_CONVERSION = YES;
				CLANG_WARN_DEPRECATED_OBJC_IMPLEMENTATIONS = YES;
				CLANG_WARN_DIRECT_OBJC_ISA_USAGE = YES_ERROR;
				CLANG_WARN_DOCUMENTATION_COMMENTS = YES;
				CLANG_WARN_EMPTY_BODY = YES;
				CLANG_WARN_ENUM_CONVERSION = YES;
				CLANG_WARN_INFINITE_RECURSION = YES;
				CLANG_WARN_INT_CONVERSION = YES;
				CLANG_WARN_NON_LITERAL_NULL_CONVERSION = YES;
				CLANG_WARN_OBJC_IMPLICIT_RETAIN_SELF = YES;
				CLANG_WARN_OBJC_LITERAL_CONVERSION = YES;
				CLANG_WARN_OBJC_ROOT_CLASS = YES_ERROR;
				CLANG_WARN_QUOTED_INCLUDE_IN_FRAMEWORK_HEADER = YES;
				CLANG_WARN_RANGE_LOOP_ANALYSIS = YES;
				CLANG_WARN_STRICT_PROTOTYPES = YES;
				CLANG_WARN_SUSPICIOUS_MOVE = YES;
				CLANG_WARN_UNGUARDED_AVAILABILITY = YES_AGGRESSIVE;
				CLANG_WARN_UNREACHABLE_CODE = YES;
				CLANG_WARN__DUPLICATE_METHOD_MATCH = YES;
				COPY_PHASE_STRIP = NO;
				DEBUG_INFORMATION_FORMAT = "dwarf-with-dsym";
				ENABLE_NS_ASSERTIONS = NO;
				ENABLE_STRICT_OBJC_MSGSEND = YES;
				GCC_C_LANGUAGE_STANDARD = gnu11;
				GCC_NO_COMMON_BLOCKS = YES;
				GCC_WARN_64_TO_32_BIT_CONVERSION = YES;
				GCC_WARN_ABOUT_RETURN_TYPE = YES_ERROR;
				GCC_WARN_UNDECLARED_SELECTOR = YES;
				GCC_WARN_UNINITIALIZED_AUTOS = YES_AGGRESSIVE;
				GCC_WARN_UNUSED_FUNCTION = YES;
				GCC_WARN_UNUSED_VARIABLE = YES;
				IPHONEOS_DEPLOYMENT_TARGET = 15.5;
				MTL_ENABLE_DEBUG_INFO = NO;
				MTL_FAST_MATH = YES;
				SDKROOT = iphoneos;
				SWIFT_COMPILATION_MODE = wholemodule;
				SWIFT_OPTIMIZATION_LEVEL = "-O";
				VALIDATE_PRODUCT = YES;
			};
			name = Release;
		};
		9A163C5F287469C600BA2822 /* Debug */ = {
			isa = XCBuildConfiguration;
			baseConfigurationReference = E67C994E0C0FD4445128589D /* Pods-projeto.debug.xcconfig */;
			buildSettings = {
				ASSETCATALOG_COMPILER_APPICON_NAME = AppIcon;
				ASSETCATALOG_COMPILER_GLOBAL_ACCENT_COLOR_NAME = AccentColor;
				CODE_SIGN_STYLE = Automatic;
				CURRENT_PROJECT_VERSION = 1;
				DEVELOPMENT_TEAM = JJKXHHQ74B;
				GENERATE_INFOPLIST_FILE = YES;
				INFOPLIST_FILE = projeto/Info.plist;
				INFOPLIST_KEY_UIApplicationSupportsIndirectInputEvents = YES;
				INFOPLIST_KEY_UILaunchStoryboardName = LaunchScreen;
				INFOPLIST_KEY_UISupportedInterfaceOrientations_iPad = "UIInterfaceOrientationPortrait UIInterfaceOrientationPortraitUpsideDown UIInterfaceOrientationLandscapeLeft UIInterfaceOrientationLandscapeRight";
				INFOPLIST_KEY_UISupportedInterfaceOrientations_iPhone = "UIInterfaceOrientationPortrait UIInterfaceOrientationLandscapeLeft UIInterfaceOrientationLandscapeRight";
				LD_RUNPATH_SEARCH_PATHS = (
					"$(inherited)",
					"@executable_path/Frameworks",
				);
				MARKETING_VERSION = 1.0;
				PRODUCT_BUNDLE_IDENTIFIER = geovanna.projeto;
				PRODUCT_NAME = "$(TARGET_NAME)";
				SWIFT_EMIT_LOC_STRINGS = YES;
				SWIFT_VERSION = 5.0;
				TARGETED_DEVICE_FAMILY = "1,2";
			};
			name = Debug;
		};
		9A163C60287469C600BA2822 /* Release */ = {
			isa = XCBuildConfiguration;
			baseConfigurationReference = CDB6E7DB37806579C2D031F5 /* Pods-projeto.release.xcconfig */;
			buildSettings = {
				ASSETCATALOG_COMPILER_APPICON_NAME = AppIcon;
				ASSETCATALOG_COMPILER_GLOBAL_ACCENT_COLOR_NAME = AccentColor;
				CODE_SIGN_STYLE = Automatic;
				CURRENT_PROJECT_VERSION = 1;
				DEVELOPMENT_TEAM = JJKXHHQ74B;
				GENERATE_INFOPLIST_FILE = YES;
				INFOPLIST_FILE = projeto/Info.plist;
				INFOPLIST_KEY_UIApplicationSupportsIndirectInputEvents = YES;
				INFOPLIST_KEY_UILaunchStoryboardName = LaunchScreen;
				INFOPLIST_KEY_UISupportedInterfaceOrientations_iPad = "UIInterfaceOrientationPortrait UIInterfaceOrientationPortraitUpsideDown UIInterfaceOrientationLandscapeLeft UIInterfaceOrientationLandscapeRight";
				INFOPLIST_KEY_UISupportedInterfaceOrientations_iPhone = "UIInterfaceOrientationPortrait UIInterfaceOrientationLandscapeLeft UIInterfaceOrientationLandscapeRight";
				LD_RUNPATH_SEARCH_PATHS = (
					"$(inherited)",
					"@executable_path/Frameworks",
				);
				MARKETING_VERSION = 1.0;
				PRODUCT_BUNDLE_IDENTIFIER = geovanna.projeto;
				PRODUCT_NAME = "$(TARGET_NAME)";
				SWIFT_EMIT_LOC_STRINGS = YES;
				SWIFT_VERSION = 5.0;
				TARGETED_DEVICE_FAMILY = "1,2";
			};
			name = Release;
		};
		9A163C62287469C600BA2822 /* Debug */ = {
			isa = XCBuildConfiguration;
			buildSettings = {
				ALWAYS_EMBED_SWIFT_STANDARD_LIBRARIES = YES;
				BUNDLE_LOADER = "$(TEST_HOST)";
				CODE_SIGN_STYLE = Automatic;
				CURRENT_PROJECT_VERSION = 1;
				DEVELOPMENT_TEAM = JJKXHHQ74B;
				GENERATE_INFOPLIST_FILE = YES;
				IPHONEOS_DEPLOYMENT_TARGET = 15.5;
				MARKETING_VERSION = 1.0;
				PRODUCT_BUNDLE_IDENTIFIER = geovanna.projetoTests;
				PRODUCT_NAME = "$(TARGET_NAME)";
				SWIFT_EMIT_LOC_STRINGS = NO;
				SWIFT_VERSION = 5.0;
				TARGETED_DEVICE_FAMILY = "1,2";
				TEST_HOST = "$(BUILT_PRODUCTS_DIR)/projeto.app/projeto";
			};
			name = Debug;
		};
		9A163C63287469C600BA2822 /* Release */ = {
			isa = XCBuildConfiguration;
			buildSettings = {
				ALWAYS_EMBED_SWIFT_STANDARD_LIBRARIES = YES;
				BUNDLE_LOADER = "$(TEST_HOST)";
				CODE_SIGN_STYLE = Automatic;
				CURRENT_PROJECT_VERSION = 1;
				DEVELOPMENT_TEAM = JJKXHHQ74B;
				GENERATE_INFOPLIST_FILE = YES;
				IPHONEOS_DEPLOYMENT_TARGET = 15.5;
				MARKETING_VERSION = 1.0;
				PRODUCT_BUNDLE_IDENTIFIER = geovanna.projetoTests;
				PRODUCT_NAME = "$(TARGET_NAME)";
				SWIFT_EMIT_LOC_STRINGS = NO;
				SWIFT_VERSION = 5.0;
				TARGETED_DEVICE_FAMILY = "1,2";
				TEST_HOST = "$(BUILT_PRODUCTS_DIR)/projeto.app/projeto";
			};
			name = Release;
		};
		9A163C65287469C600BA2822 /* Debug */ = {
			isa = XCBuildConfiguration;
			buildSettings = {
				ALWAYS_EMBED_SWIFT_STANDARD_LIBRARIES = YES;
				CODE_SIGN_STYLE = Automatic;
				CURRENT_PROJECT_VERSION = 1;
				DEVELOPMENT_TEAM = JJKXHHQ74B;
				GENERATE_INFOPLIST_FILE = YES;
				MARKETING_VERSION = 1.0;
				PRODUCT_BUNDLE_IDENTIFIER = geovanna.projetoUITests;
				PRODUCT_NAME = "$(TARGET_NAME)";
				SWIFT_EMIT_LOC_STRINGS = NO;
				SWIFT_VERSION = 5.0;
				TARGETED_DEVICE_FAMILY = "1,2";
				TEST_TARGET_NAME = projeto;
			};
			name = Debug;
		};
		9A163C66287469C600BA2822 /* Release */ = {
			isa = XCBuildConfiguration;
			buildSettings = {
				ALWAYS_EMBED_SWIFT_STANDARD_LIBRARIES = YES;
				CODE_SIGN_STYLE = Automatic;
				CURRENT_PROJECT_VERSION = 1;
				DEVELOPMENT_TEAM = JJKXHHQ74B;
				GENERATE_INFOPLIST_FILE = YES;
				MARKETING_VERSION = 1.0;
				PRODUCT_BUNDLE_IDENTIFIER = geovanna.projetoUITests;
				PRODUCT_NAME = "$(TARGET_NAME)";
				SWIFT_EMIT_LOC_STRINGS = NO;
				SWIFT_VERSION = 5.0;
				TARGETED_DEVICE_FAMILY = "1,2";
				TEST_TARGET_NAME = projeto;
			};
			name = Release;
		};
/* End XCBuildConfiguration section */

/* Begin XCConfigurationList section */
		9A163C2F287469C500BA2822 /* Build configuration list for PBXProject "projeto" */ = {
			isa = XCConfigurationList;
			buildConfigurations = (
				9A163C5C287469C600BA2822 /* Debug */,
				9A163C5D287469C600BA2822 /* Release */,
			);
			defaultConfigurationIsVisible = 0;
			defaultConfigurationName = Release;
		};
		9A163C5E287469C600BA2822 /* Build configuration list for PBXNativeTarget "projeto" */ = {
			isa = XCConfigurationList;
			buildConfigurations = (
				9A163C5F287469C600BA2822 /* Debug */,
				9A163C60287469C600BA2822 /* Release */,
			);
			defaultConfigurationIsVisible = 0;
			defaultConfigurationName = Release;
		};
		9A163C61287469C600BA2822 /* Build configuration list for PBXNativeTarget "projetoTests" */ = {
			isa = XCConfigurationList;
			buildConfigurations = (
				9A163C62287469C600BA2822 /* Debug */,
				9A163C63287469C600BA2822 /* Release */,
			);
			defaultConfigurationIsVisible = 0;
			defaultConfigurationName = Release;
		};
		9A163C64287469C600BA2822 /* Build configuration list for PBXNativeTarget "projetoUITests" */ = {
			isa = XCConfigurationList;
			buildConfigurations = (
				9A163C65287469C600BA2822 /* Debug */,
				9A163C66287469C600BA2822 /* Release */,
			);
			defaultConfigurationIsVisible = 0;
			defaultConfigurationName = Release;
		};
/* End XCConfigurationList section */
	};
	rootObject = 9A163C2C287469C500BA2822 /* Project object */;
}
